
Microsoft Visual Studio Solution File, Format Version 12.00
# Visual Studio 15
VisualStudioVersion = 15.0.27703.2042
MinimumVisualStudioVersion = 10.0.40219.1
Project("{9A19103F-16F7-4668-BE54-9A1E7A4F7556}") = "ProjectTest", "ProjectTest\ProjectTest.csproj", "{0053C435-4E75-4FDC-9C75-1DBEC6135FEA}"
EndProject
Project("{FAE04EC0-301F-11D3-BF4B-00C04F79EFBC}") = "WebApixUnitTest", "WebApixUnitTest\WebApixUnitTest.csproj", "{BF93993A-6C83-4AFC-B87E-4EA3929DC224}"
EndProject
Global
	GlobalSection(SolutionConfigurationPlatforms) = preSolution
		Debug|Any CPU = Debug|Any CPU
		Release|Any CPU = Release|Any CPU
	EndGlobalSection
	GlobalSection(ProjectConfigurationPlatforms) = postSolution
		{0053C435-4E75-4FDC-9C75-1DBEC6135FEA}.Debug|Any CPU.ActiveCfg = Debug|Any CPU
		{0053C435-4E75-4FDC-9C75-1DBEC6135FEA}.Debug|Any CPU.Build.0 = Debug|Any CPU
		{0053C435-4E75-4FDC-9C75-1DBEC6135FEA}.Release|Any CPU.ActiveCfg = Release|Any CPU
		{0053C435-4E75-4FDC-9C75-1DBEC6135FEA}.Release|Any CPU.Build.0 = Release|Any CPU
		{BF93993A-6C83-4AFC-B87E-4EA3929DC224}.Debug|Any CPU.ActiveCfg = Debug|Any CPU
		{BF93993A-6C83-4AFC-B87E-4EA3929DC224}.Debug|Any CPU.Build.0 = Debug|Any CPU
		{BF93993A-6C83-4AFC-B87E-4EA3929DC224}.Release|Any CPU.ActiveCfg = Release|Any CPU
		{BF93993A-6C83-4AFC-B87E-4EA3929DC224}.Release|Any CPU.Build.0 = Release|Any CPU
	EndGlobalSection
	GlobalSection(SolutionProperties) = preSolution
		HideSolutionNode = FALSE
	EndGlobalSection
	GlobalSection(ExtensibilityGlobals) = postSolution
		SolutionGuid = {9384A0D4-5233-41BF-AC11-0A549332E69E}
	EndGlobalSection
EndGlobal
